
Microsoft Visual Studio Solution File, Format Version 12.00
# Visual Studio Version 17
VisualStudioVersion = 17.14.36518.9 d17.14
MinimumVisualStudioVersion = 10.0.40219.1
Project("{FAE04EC0-301F-11D3-BF4B-00C04F79EFBC}") = "PintaLab", "PintaLab\PintaLab.csproj", "{2EC19FA1-92C3-4DE6-B821-889A7FEF8026}"
EndProject
Global
	GlobalSection(SolutionConfigurationPlatforms) = preSolution
		Debug|Any CPU = Debug|Any CPU
		Release|Any CPU = Release|Any CPU
	EndGlobalSection
	GlobalSection(ProjectConfigurationPlatforms) = postSolution
		{2EC19FA1-92C3-4DE6-B821-889A7FEF8026}.Debug|Any CPU.ActiveCfg = Debug|Any CPU
		{2EC19FA1-92C3-4DE6-B821-889A7FEF8026}.Debug|Any CPU.Build.0 = Debug|Any CPU
		{2EC19FA1-92C3-4DE6-B821-889A7FEF8026}.Debug|Any CPU.Deploy.0 = Debug|Any CPU
		{2EC19FA1-92C3-4DE6-B821-889A7FEF8026}.Release|Any CPU.ActiveCfg = Release|Any CPU
		{2EC19FA1-92C3-4DE6-B821-889A7FEF8026}.Release|Any CPU.Build.0 = Release|Any CPU
		{2EC19FA1-92C3-4DE6-B821-889A7FEF8026}.Release|Any CPU.Deploy.0 = Release|Any CPU
	EndGlobalSection
	GlobalSection(SolutionProperties) = preSolution
		HideSolutionNode = FALSE
	EndGlobalSection
	GlobalSection(ExtensibilityGlobals) = postSolution
		SolutionGuid = {2BA7383A-6EAA-4A25-BF78-8AC290510D04}
	EndGlobalSection
EndGlobal
